
Microsoft Visual Studio Solution File, Format Version 12.00
# Visual Studio Version 17
VisualStudioVersion = 17.7.34003.232
MinimumVisualStudioVersion = 10.0.40219.1
Project("{FAE04EC0-301F-11D3-BF4B-00C04F79EFBC}") = "Calculator", "Calculator.csproj", "{5B78B2AD-F801-4879-8269-462CA05C2E19}"
EndProject
Project("{FAE04EC0-301F-11D3-BF4B-00C04F79EFBC}") = "ClassLibrary", "..\ClassLibrary\ClassLibrary.csproj", "{3AED137C-4804-44DC-9FA4-424416D01C5C}"
EndProject
Project("{FAE04EC0-301F-11D3-BF4B-00C04F79EFBC}") = "WordReplacerTest", "..\WordReplacerTest\WordReplacerTest.csproj", "{63DD3091-114C-452A-B818-90E57B939EA1}"
EndProject
Project("{FAE04EC0-301F-11D3-BF4B-00C04F79EFBC}") = "WordReplacer", "..\WordReplacer\WordReplacer.csproj", "{C5FE8A10-BC5E-410C-8EB6-D2BF478ECEC5}"
EndProject
Global
	GlobalSection(SolutionConfigurationPlatforms) = preSolution
		Debug|Any CPU = Debug|Any CPU
		Release|Any CPU = Release|Any CPU
	EndGlobalSection
	GlobalSection(ProjectConfigurationPlatforms) = postSolution
		{5B78B2AD-F801-4879-8269-462CA05C2E19}.Debug|Any CPU.ActiveCfg = Debug|Any CPU
		{5B78B2AD-F801-4879-8269-462CA05C2E19}.Debug|Any CPU.Build.0 = Debug|Any CPU
		{5B78B2AD-F801-4879-8269-462CA05C2E19}.Release|Any CPU.ActiveCfg = Release|Any CPU
		{5B78B2AD-F801-4879-8269-462CA05C2E19}.Release|Any CPU.Build.0 = Release|Any CPU
		{3AED137C-4804-44DC-9FA4-424416D01C5C}.Debug|Any CPU.ActiveCfg = Debug|Any CPU
		{3AED137C-4804-44DC-9FA4-424416D01C5C}.Debug|Any CPU.Build.0 = Debug|Any CPU
		{3AED137C-4804-44DC-9FA4-424416D01C5C}.Release|Any CPU.ActiveCfg = Release|Any CPU
		{3AED137C-4804-44DC-9FA4-424416D01C5C}.Release|Any CPU.Build.0 = Release|Any CPU
		{63DD3091-114C-452A-B818-90E57B939EA1}.Debug|Any CPU.ActiveCfg = Debug|Any CPU
		{63DD3091-114C-452A-B818-90E57B939EA1}.Debug|Any CPU.Build.0 = Debug|Any CPU
		{63DD3091-114C-452A-B818-90E57B939EA1}.Release|Any CPU.ActiveCfg = Release|Any CPU
		{63DD3091-114C-452A-B818-90E57B939EA1}.Release|Any CPU.Build.0 = Release|Any CPU
		{C5FE8A10-BC5E-410C-8EB6-D2BF478ECEC5}.Debug|Any CPU.ActiveCfg = Debug|Any CPU
		{C5FE8A10-BC5E-410C-8EB6-D2BF478ECEC5}.Debug|Any CPU.Build.0 = Debug|Any CPU
		{C5FE8A10-BC5E-410C-8EB6-D2BF478ECEC5}.Release|Any CPU.ActiveCfg = Release|Any CPU
		{C5FE8A10-BC5E-410C-8EB6-D2BF478ECEC5}.Release|Any CPU.Build.0 = Release|Any CPU
	EndGlobalSection
	GlobalSection(SolutionProperties) = preSolution
		HideSolutionNode = FALSE
	EndGlobalSection
	GlobalSection(ExtensibilityGlobals) = postSolution
		SolutionGuid = {5D828644-873D-4D8C-9DF3-8DC3D55E1DD5}
	EndGlobalSection
EndGlobal
